
Microsoft Visual Studio Solution File, Format Version 12.00
# Visual Studio Version 16
VisualStudioVersion = 16.0.31205.134
MinimumVisualStudioVersion = 10.0.40219.1
Project("{9A19103F-16F7-4668-BE54-9A1E7A4F7556}") = "SearchForAnswer", "SearchForAnswer\SearchForAnswer.csproj", "{05BDF94C-23E2-4465-86B6-3AD617C6BC9D}"
EndProject
Project("{9A19103F-16F7-4668-BE54-9A1E7A4F7556}") = "SearchEngine", "SearchEngine\SearchEngine.csproj", "{323E984E-2298-4D60-A080-83FEF1BF0DAB}"
EndProject
Project("{FAE04EC0-301F-11D3-BF4B-00C04F79EFBC}") = "NativeApi", "NativeApi\NativeApi.csproj", "{F79D8DC6-7D26-482A-9DA1-48A97A3A8DCE}"
EndProject
Global
	GlobalSection(SolutionConfigurationPlatforms) = preSolution
		Debug|Any CPU = Debug|Any CPU
		Release|Any CPU = Release|Any CPU
	EndGlobalSection
	GlobalSection(ProjectConfigurationPlatforms) = postSolution
		{05BDF94C-23E2-4465-86B6-3AD617C6BC9D}.Debug|Any CPU.ActiveCfg = Debug|Any CPU
		{05BDF94C-23E2-4465-86B6-3AD617C6BC9D}.Debug|Any CPU.Build.0 = Debug|Any CPU
		{05BDF94C-23E2-4465-86B6-3AD617C6BC9D}.Release|Any CPU.ActiveCfg = Release|Any CPU
		{05BDF94C-23E2-4465-86B6-3AD617C6BC9D}.Release|Any CPU.Build.0 = Release|Any CPU
		{323E984E-2298-4D60-A080-83FEF1BF0DAB}.Debug|Any CPU.ActiveCfg = Debug|Any CPU
		{323E984E-2298-4D60-A080-83FEF1BF0DAB}.Debug|Any CPU.Build.0 = Debug|Any CPU
		{323E984E-2298-4D60-A080-83FEF1BF0DAB}.Release|Any CPU.ActiveCfg = Release|Any CPU
		{323E984E-2298-4D60-A080-83FEF1BF0DAB}.Release|Any CPU.Build.0 = Release|Any CPU
		{F79D8DC6-7D26-482A-9DA1-48A97A3A8DCE}.Debug|Any CPU.ActiveCfg = Debug|Any CPU
		{F79D8DC6-7D26-482A-9DA1-48A97A3A8DCE}.Debug|Any CPU.Build.0 = Debug|Any CPU
		{F79D8DC6-7D26-482A-9DA1-48A97A3A8DCE}.Release|Any CPU.ActiveCfg = Release|Any CPU
		{F79D8DC6-7D26-482A-9DA1-48A97A3A8DCE}.Release|Any CPU.Build.0 = Release|Any CPU
	EndGlobalSection
	GlobalSection(SolutionProperties) = preSolution
		HideSolutionNode = FALSE
	EndGlobalSection
	GlobalSection(ExtensibilityGlobals) = postSolution
		SolutionGuid = {4519D851-583A-41CE-8DE9-4280AF7567B8}
	EndGlobalSection
EndGlobal
